
Microsoft Visual Studio Solution File, Format Version 12.00
# Visual Studio Version 16
VisualStudioVersion = 16.0.31605.320
MinimumVisualStudioVersion = 10.0.40219.1
Project("{9A19103F-16F7-4668-BE54-9A1E7A4F7556}") = "ServicePortal.Api", "ServicePortal.Api\ServicePortal.Api.csproj", "{EAF2B3AD-3FA1-4032-BEC0-93F270CADC6F}"
EndProject
Global
	GlobalSection(SolutionConfigurationPlatforms) = preSolution
		Debug|Any CPU = Debug|Any CPU
		Release|Any CPU = Release|Any CPU
	EndGlobalSection
	GlobalSection(ProjectConfigurationPlatforms) = postSolution
		{EAF2B3AD-3FA1-4032-BEC0-93F270CADC6F}.Debug|Any CPU.ActiveCfg = Debug|Any CPU
		{EAF2B3AD-3FA1-4032-BEC0-93F270CADC6F}.Debug|Any CPU.Build.0 = Debug|Any CPU
		{EAF2B3AD-3FA1-4032-BEC0-93F270CADC6F}.Release|Any CPU.ActiveCfg = Release|Any CPU
		{EAF2B3AD-3FA1-4032-BEC0-93F270CADC6F}.Release|Any CPU.Build.0 = Release|Any CPU
	EndGlobalSection
	GlobalSection(SolutionProperties) = preSolution
		HideSolutionNode = FALSE
	EndGlobalSection
	GlobalSection(ExtensibilityGlobals) = postSolution
		SolutionGuid = {1B12D4CE-B9E5-4618-8DCD-4B464B10C589}
	EndGlobalSection
EndGlobal
